// !$*UTF8*$!
{
	archiveVersion = 1;
	classes = {
	};
	objectVersion = 60;
	objects = {

/* Begin PBXBuildFile section */
		AA0000000000000000000001 /* WaypointApp.swift in Sources */ = {isa = PBXBuildFile; fileRef = AA0000000000000000000010 /* WaypointApp.swift */; };
		AA0000000000000000000002 /* RootMenu.swift in Sources */ = {isa = PBXBuildFile; fileRef = AA0000000000000000000011 /* RootMenu.swift */; };
		AA0000000000000000000003 /* Domain in Frameworks */ = {isa = PBXBuildFile; productRef = AA0000000000000000000030 /* Domain */; };
		AA0000000000000000000004 /* Config in Frameworks */ = {isa = PBXBuildFile; productRef = AA0000000000000000000031 /* Config */; };
		AA0000000000000000000005 /* Safety in Frameworks */ = {isa = PBXBuildFile; productRef = AA0000000000000000000032 /* Safety */; };
		AA0000000000000000000006 /* CoreEngine in Frameworks */ = {isa = PBXBuildFile; productRef = AA0000000000000000000033 /* CoreEngine */; };
		AA0000000000000000000007 /* Actions in Frameworks */ = {isa = PBXBuildFile; productRef = AA0000000000000000000034 /* Actions */; };
		AA0000000000000000000008 /* Observability in Frameworks */ = {isa = PBXBuildFile; productRef = AA0000000000000000000035 /* Observability */; };
		AA0000000000000000000009 /* WaypointAccessibility in Frameworks */ = {isa = PBXBuildFile; productRef = AA0000000000000000000036 /* WaypointAccessibility */; };
		AA000000000000000000000A /* InputSynthesis in Frameworks */ = {isa = PBXBuildFile; productRef = AA0000000000000000000037 /* InputSynthesis */; };
		AA000000000000000000000B /* AppControl in Frameworks */ = {isa = PBXBuildFile; productRef = AA0000000000000000000038 /* AppControl */; };
		AA000000000000000000000C /* Permissions in Frameworks */ = {isa = PBXBuildFile; productRef = AA0000000000000000000039 /* Permissions */; };
		AA000000000000000000000D /* Adapters in Frameworks */ = {isa = PBXBuildFile; productRef = AA000000000000000000003A /* Adapters */; };
		AA000000000000000000000E /* Timing in Frameworks */ = {isa = PBXBuildFile; productRef = AA000000000000000000003B /* Timing */; };
		AA000000000000000000000F /* SkeletonControls.swift in Sources */ = {isa = PBXBuildFile; fileRef = AA0000000000000000000013 /* SkeletonControls.swift */; };
		AA0000000000000000000015 /* WorkflowControls.swift in Sources */ = {isa = PBXBuildFile; fileRef = AA0000000000000000000014 /* WorkflowControls.swift */; };
		AA0000000000000000000100 /* AppSession.swift in Sources */ = {isa = PBXBuildFile; fileRef = AA0000000000000000000110 /* AppSession.swift */; };
		AA0000000000000000000101 /* OnboardingView.swift in Sources */ = {isa = PBXBuildFile; fileRef = AA0000000000000000000111 /* OnboardingView.swift */; };
		AA0000000000000000000102 /* WorkflowEditorView.swift in Sources */ = {isa = PBXBuildFile; fileRef = AA0000000000000000000112 /* WorkflowEditorView.swift */; };
		AA0000000000000000000103 /* RunTimelineView.swift in Sources */ = {isa = PBXBuildFile; fileRef = AA0000000000000000000113 /* RunTimelineView.swift */; };
		AA0000000000000000000104 /* AppPresentation in Frameworks */ = {isa = PBXBuildFile; productRef = AA000000000000000000003D /* AppPresentation */; };
		AA0000000000000000000105 /* SingleInstance.swift in Sources */ = {isa = PBXBuildFile; fileRef = AA0000000000000000000114 /* SingleInstance.swift */; };
		AA0000000000000000000106 /* AppDelegate.swift in Sources */ = {isa = PBXBuildFile; fileRef = AA0000000000000000000115 /* AppDelegate.swift */; };
		AA0000000000000000000200 /* OnboardingUITests.swift in Sources */ = {isa = PBXBuildFile; fileRef = AA0000000000000000000210 /* OnboardingUITests.swift */; };
		AA0000000000000000000201 /* StartStopUITests.swift in Sources */ = {isa = PBXBuildFile; fileRef = AA0000000000000000000211 /* StartStopUITests.swift */; };
		AA0000000000000000000202 /* EditorSaveUITests.swift in Sources */ = {isa = PBXBuildFile; fileRef = AA0000000000000000000213 /* EditorSaveUITests.swift */; };
/* End PBXBuildFile section */

/* Begin PBXContainerItemProxy section */
		AA0000000000000000000220 /* PBXContainerItemProxy */ = {
			isa = PBXContainerItemProxy;
			containerPortal = AA0000000000000000000060 /* Project object */;
			proxyType = 1;
			remoteGlobalIDString = AA0000000000000000000050;
			remoteInfo = Waypoint;
		};
/* End PBXContainerItemProxy section */

/* Begin PBXFileReference section */
		AA0000000000000000000010 /* WaypointApp.swift */ = {isa = PBXFileReference; lastKnownFileType = sourcecode.swift; path = WaypointApp.swift; sourceTree = "<group>"; };
		AA0000000000000000000011 /* RootMenu.swift */ = {isa = PBXFileReference; lastKnownFileType = sourcecode.swift; path = RootMenu.swift; sourceTree = "<group>"; };
		AA0000000000000000000012 /* Waypoint.app */ = {isa = PBXFileReference; explicitFileType = wrapper.application; includeInIndex = 0; path = Waypoint.app; sourceTree = BUILT_PRODUCTS_DIR; };
		AA0000000000000000000013 /* SkeletonControls.swift */ = {isa = PBXFileReference; lastKnownFileType = sourcecode.swift; path = SkeletonControls.swift; sourceTree = "<group>"; };
		AA0000000000000000000014 /* WorkflowControls.swift */ = {isa = PBXFileReference; lastKnownFileType = sourcecode.swift; path = WorkflowControls.swift; sourceTree = "<group>"; };
		AA0000000000000000000016 /* Info.plist */ = {isa = PBXFileReference; lastKnownFileType = text.plist.xml; path = Info.plist; sourceTree = "<group>"; };
		AA0000000000000000000017 /* Waypoint.entitlements */ = {isa = PBXFileReference; lastKnownFileType = text.plist.entitlements; path = Waypoint.entitlements; sourceTree = "<group>"; };
		AA0000000000000000000110 /* AppSession.swift */ = {isa = PBXFileReference; lastKnownFileType = sourcecode.swift; path = AppSession.swift; sourceTree = "<group>"; };
		AA0000000000000000000111 /* OnboardingView.swift */ = {isa = PBXFileReference; lastKnownFileType = sourcecode.swift; path = OnboardingView.swift; sourceTree = "<group>"; };
		AA0000000000000000000112 /* WorkflowEditorView.swift */ = {isa = PBXFileReference; lastKnownFileType = sourcecode.swift; path = WorkflowEditorView.swift; sourceTree = "<group>"; };
		AA0000000000000000000113 /* RunTimelineView.swift */ = {isa = PBXFileReference; lastKnownFileType = sourcecode.swift; path = RunTimelineView.swift; sourceTree = "<group>"; };
		AA0000000000000000000114 /* SingleInstance.swift */ = {isa = PBXFileReference; lastKnownFileType = sourcecode.swift; path = SingleInstance.swift; sourceTree = "<group>"; };
		AA0000000000000000000115 /* AppDelegate.swift */ = {isa = PBXFileReference; lastKnownFileType = sourcecode.swift; path = AppDelegate.swift; sourceTree = "<group>"; };
		AA0000000000000000000210 /* OnboardingUITests.swift */ = {isa = PBXFileReference; lastKnownFileType = sourcecode.swift; path = OnboardingUITests.swift; sourceTree = "<group>"; };
		AA0000000000000000000211 /* StartStopUITests.swift */ = {isa = PBXFileReference; lastKnownFileType = sourcecode.swift; path = StartStopUITests.swift; sourceTree = "<group>"; };
		AA0000000000000000000213 /* EditorSaveUITests.swift */ = {isa = PBXFileReference; lastKnownFileType = sourcecode.swift; path = EditorSaveUITests.swift; sourceTree = "<group>"; };
		AA0000000000000000000212 /* WaypointUITests.xctest */ = {isa = PBXFileReference; explicitFileType = wrapper.cfbundle; includeInIndex = 0; path = WaypointUITests.xctest; sourceTree = BUILT_PRODUCTS_DIR; };
/* End PBXFileReference section */

/* Begin PBXFrameworksBuildPhase section */
		AA0000000000000000000020 /* Frameworks */ = {
			isa = PBXFrameworksBuildPhase;
			buildActionMask = 2147483647;
			files = (
				AA0000000000000000000003 /* Domain in Frameworks */,
				AA0000000000000000000004 /* Config in Frameworks */,
				AA0000000000000000000005 /* Safety in Frameworks */,
				AA0000000000000000000006 /* CoreEngine in Frameworks */,
				AA0000000000000000000007 /* Actions in Frameworks */,
				AA0000000000000000000008 /* Observability in Frameworks */,
				AA0000000000000000000009 /* WaypointAccessibility in Frameworks */,
				AA000000000000000000000A /* InputSynthesis in Frameworks */,
				AA000000000000000000000B /* AppControl in Frameworks */,
				AA000000000000000000000C /* Permissions in Frameworks */,
				AA000000000000000000000D /* Adapters in Frameworks */,
				AA000000000000000000000E /* Timing in Frameworks */,
				AA0000000000000000000104 /* AppPresentation in Frameworks */,
			);
			runOnlyForDeploymentPostprocessing = 0;
		};
		AA0000000000000000000221 /* Frameworks */ = {
			isa = PBXFrameworksBuildPhase;
			buildActionMask = 2147483647;
			files = (
			);
			runOnlyForDeploymentPostprocessing = 0;
		};
/* End PBXFrameworksBuildPhase section */

/* Begin PBXGroup section */
		AA0000000000000000000040 = {
			isa = PBXGroup;
			children = (
				AA0000000000000000000041 /* App */,
				AA0000000000000000000044 /* UITests */,
				AA0000000000000000000043 /* Products */,
			);
			sourceTree = "<group>";
		};
		AA0000000000000000000041 /* App */ = {
			isa = PBXGroup;
			children = (
				AA0000000000000000000010 /* WaypointApp.swift */,
				AA0000000000000000000110 /* AppSession.swift */,
				AA0000000000000000000114 /* SingleInstance.swift */,
				AA0000000000000000000115 /* AppDelegate.swift */,
				AA0000000000000000000016 /* Info.plist */,
				AA0000000000000000000017 /* Waypoint.entitlements */,
				AA0000000000000000000042 /* MenuBar */,
				AA0000000000000000000045 /* Onboarding */,
				AA0000000000000000000046 /* Editor */,
				AA0000000000000000000047 /* Timeline */,
			);
			path = App;
			sourceTree = "<group>";
		};
		AA0000000000000000000042 /* MenuBar */ = {
			isa = PBXGroup;
			children = (
				AA0000000000000000000011 /* RootMenu.swift */,
				AA0000000000000000000013 /* SkeletonControls.swift */,
				AA0000000000000000000014 /* WorkflowControls.swift */,
			);
			path = MenuBar;
			sourceTree = "<group>";
		};
		AA0000000000000000000043 /* Products */ = {
			isa = PBXGroup;
			children = (
				AA0000000000000000000012 /* Waypoint.app */,
				AA0000000000000000000212 /* WaypointUITests.xctest */,
			);
			name = Products;
			sourceTree = "<group>";
		};
		AA0000000000000000000044 /* UITests */ = {
			isa = PBXGroup;
			children = (
				AA0000000000000000000210 /* OnboardingUITests.swift */,
				AA0000000000000000000211 /* StartStopUITests.swift */,
				AA0000000000000000000213 /* EditorSaveUITests.swift */,
			);
			name = UITests;
			path = Tests/UITests;
			sourceTree = "<group>";
		};
		AA0000000000000000000045 /* Onboarding */ = {
			isa = PBXGroup;
			children = (
				AA0000000000000000000111 /* OnboardingView.swift */,
			);
			path = Onboarding;
			sourceTree = "<group>";
		};
		AA0000000000000000000046 /* Editor */ = {
			isa = PBXGroup;
			children = (
				AA0000000000000000000112 /* WorkflowEditorView.swift */,
			);
			path = Editor;
			sourceTree = "<group>";
		};
		AA0000000000000000000047 /* Timeline */ = {
			isa = PBXGroup;
			children = (
				AA0000000000000000000113 /* RunTimelineView.swift */,
			);
			path = Timeline;
			sourceTree = "<group>";
		};
/* End PBXGroup section */

/* Begin PBXNativeTarget section */
		AA0000000000000000000050 /* Waypoint */ = {
			isa = PBXNativeTarget;
			buildConfigurationList = AA0000000000000000000070 /* Build configuration list for PBXNativeTarget "Waypoint" */;
			buildPhases = (
				AA0000000000000000000051 /* Sources */,
				AA0000000000000000000020 /* Frameworks */,
			);
			buildRules = (
			);
			dependencies = (
			);
			name = Waypoint;
			packageProductDependencies = (
				AA0000000000000000000030 /* Domain */,
				AA0000000000000000000031 /* Config */,
				AA0000000000000000000032 /* Safety */,
				AA0000000000000000000033 /* CoreEngine */,
				AA0000000000000000000034 /* Actions */,
				AA0000000000000000000035 /* Observability */,
				AA0000000000000000000036 /* WaypointAccessibility */,
				AA0000000000000000000037 /* InputSynthesis */,
				AA0000000000000000000038 /* AppControl */,
				AA0000000000000000000039 /* Permissions */,
				AA000000000000000000003A /* Adapters */,
				AA000000000000000000003B /* Timing */,
				AA000000000000000000003D /* AppPresentation */,
			);
			productName = Waypoint;
			productReference = AA0000000000000000000012 /* Waypoint.app */;
			productType = "com.apple.product-type.application";
		};
		AA0000000000000000000222 /* WaypointUITests */ = {
			isa = PBXNativeTarget;
			buildConfigurationList = AA0000000000000000000072 /* Build configuration list for PBXNativeTarget "WaypointUITests" */;
			buildPhases = (
				AA0000000000000000000223 /* Sources */,
				AA0000000000000000000221 /* Frameworks */,
			);
			buildRules = (
			);
			dependencies = (
				AA0000000000000000000224 /* PBXTargetDependency */,
			);
			name = WaypointUITests;
			productName = WaypointUITests;
			productReference = AA0000000000000000000212 /* WaypointUITests.xctest */;
			productType = "com.apple.product-type.bundle.ui-testing";
		};
/* End PBXNativeTarget section */

/* Begin PBXProject section */
		AA0000000000000000000060 /* Project object */ = {
			isa = PBXProject;
			attributes = {
				BuildIndependentTargetsInParallel = 1;
				LastSwiftUpdateCheck = 1500;
				LastUpgradeCheck = 1500;
				TargetAttributes = {
					AA0000000000000000000222 = {
						TestTargetID = AA0000000000000000000050;
					};
				};
			};
			buildConfigurationList = AA0000000000000000000071 /* Build configuration list for PBXProject "Waypoint" */;
			compatibilityVersion = "Xcode 14.0";
			developmentRegion = en;
			hasScannedForEncodings = 0;
			knownRegions = (
				en,
				Base,
			);
			mainGroup = AA0000000000000000000040;
			packageReferences = (
				AA000000000000000000003C /* XCLocalSwiftPackageReference "." */,
			);
			productRefGroup = AA0000000000000000000043 /* Products */;
			projectDirPath = "";
			projectRoot = "";
			targets = (
				AA0000000000000000000050 /* Waypoint */,
				AA0000000000000000000222 /* WaypointUITests */,
			);
		};
/* End PBXProject section */

/* Begin PBXSourcesBuildPhase section */
		AA0000000000000000000051 /* Sources */ = {
			isa = PBXSourcesBuildPhase;
			buildActionMask = 2147483647;
			files = (
				AA0000000000000000000001 /* WaypointApp.swift in Sources */,
				AA0000000000000000000002 /* RootMenu.swift in Sources */,
				AA000000000000000000000F /* SkeletonControls.swift in Sources */,
				AA0000000000000000000015 /* WorkflowControls.swift in Sources */,
				AA0000000000000000000100 /* AppSession.swift in Sources */,
				AA0000000000000000000101 /* OnboardingView.swift in Sources */,
				AA0000000000000000000102 /* WorkflowEditorView.swift in Sources */,
				AA0000000000000000000103 /* RunTimelineView.swift in Sources */,
				AA0000000000000000000105 /* SingleInstance.swift in Sources */,
				AA0000000000000000000106 /* AppDelegate.swift in Sources */,
			);
			runOnlyForDeploymentPostprocessing = 0;
		};
		AA0000000000000000000223 /* Sources */ = {
			isa = PBXSourcesBuildPhase;
			buildActionMask = 2147483647;
			files = (
				AA0000000000000000000200 /* OnboardingUITests.swift in Sources */,
				AA0000000000000000000201 /* StartStopUITests.swift in Sources */,
				AA0000000000000000000202 /* EditorSaveUITests.swift in Sources */,
			);
			runOnlyForDeploymentPostprocessing = 0;
		};
/* End PBXSourcesBuildPhase section */

/* Begin PBXTargetDependency section */
		AA0000000000000000000224 /* PBXTargetDependency */ = {
			isa = PBXTargetDependency;
			target = AA0000000000000000000050 /* Waypoint */;
			targetProxy = AA0000000000000000000220 /* PBXContainerItemProxy */;
		};
/* End PBXTargetDependency section */

/* Begin XCBuildConfiguration section */
		AA0000000000000000000080 /* Debug */ = {
			isa = XCBuildConfiguration;
			buildSettings = {
				ALWAYS_SEARCH_USER_PATHS = NO;
				CLANG_ENABLE_MODULES = YES;
				COPY_PHASE_STRIP = NO;
				DEBUG_INFORMATION_FORMAT = dwarf;
				ENABLE_TESTABILITY = YES;
				GCC_DYNAMIC_NO_PIC = NO;
				MACOSX_DEPLOYMENT_TARGET = 13.0;
				ONLY_ACTIVE_ARCH = YES;
				SDKROOT = macosx;
				SWIFT_ACTIVE_COMPILATION_CONDITIONS = DEBUG;
				SWIFT_OPTIMIZATION_LEVEL = "-Onone";
				SWIFT_VERSION = 5.0;
			};
			name = Debug;
		};
		AA0000000000000000000081 /* Release */ = {
			isa = XCBuildConfiguration;
			buildSettings = {
				ALWAYS_SEARCH_USER_PATHS = NO;
				CLANG_ENABLE_MODULES = YES;
				COPY_PHASE_STRIP = NO;
				DEBUG_INFORMATION_FORMAT = "dwarf-with-dsym";
				MACOSX_DEPLOYMENT_TARGET = 13.0;
				SDKROOT = macosx;
				SWIFT_COMPILATION_MODE = wholemodule;
				SWIFT_OPTIMIZATION_LEVEL = "-O";
				SWIFT_VERSION = 5.0;
			};
			name = Release;
		};
		AA0000000000000000000082 /* Debug */ = {
			isa = XCBuildConfiguration;
			buildSettings = {
				CODE_SIGN_ENTITLEMENTS = App/Waypoint.entitlements;
				CODE_SIGN_IDENTITY = "-";
				"CODE_SIGN_IDENTITY[sdk=macosx*]" = "Apple Development";
				CODE_SIGN_STYLE = Automatic;
				COMBINE_HIDPI_IMAGES = YES;
				CURRENT_PROJECT_VERSION = 1;
				DEVELOPMENT_TEAM = 2MYV72DDJA;
				ENABLE_APP_SANDBOX = NO;
				ENABLE_HARDENED_RUNTIME = YES;
				GENERATE_INFOPLIST_FILE = NO;
				INFOPLIST_FILE = App/Info.plist;
				LD_RUNPATH_SEARCH_PATHS = (
					"$(inherited)",
					"@executable_path/../Frameworks",
				);
				MACOSX_DEPLOYMENT_TARGET = 13.0;
				MARKETING_VERSION = 0.1.0;
				PRODUCT_BUNDLE_IDENTIFIER = com.twixrsolutions.waypoint;
				PRODUCT_NAME = "$(TARGET_NAME)";
				SDKROOT = macosx;
				SWIFT_EMIT_LOC_STRINGS = YES;
				SWIFT_VERSION = 5.0;
			};
			name = Debug;
		};
		AA0000000000000000000083 /* Release */ = {
			isa = XCBuildConfiguration;
			buildSettings = {
				CODE_SIGN_ENTITLEMENTS = App/Waypoint.entitlements;
				CODE_SIGN_IDENTITY = "-";
				"CODE_SIGN_IDENTITY[sdk=macosx*]" = "Apple Development";
				CODE_SIGN_STYLE = Automatic;
				COMBINE_HIDPI_IMAGES = YES;
				CURRENT_PROJECT_VERSION = 1;
				DEVELOPMENT_TEAM = 2MYV72DDJA;
				ENABLE_APP_SANDBOX = NO;
				ENABLE_HARDENED_RUNTIME = YES;
				GENERATE_INFOPLIST_FILE = NO;
				INFOPLIST_FILE = App/Info.plist;
				LD_RUNPATH_SEARCH_PATHS = (
					"$(inherited)",
					"@executable_path/../Frameworks",
				);
				MACOSX_DEPLOYMENT_TARGET = 13.0;
				MARKETING_VERSION = 0.1.0;
				PRODUCT_BUNDLE_IDENTIFIER = com.twixrsolutions.waypoint;
				PRODUCT_NAME = "$(TARGET_NAME)";
				SDKROOT = macosx;
				SWIFT_EMIT_LOC_STRINGS = YES;
				SWIFT_VERSION = 5.0;
			};
			name = Release;
		};
		AA0000000000000000000084 /* Debug */ = {
			isa = XCBuildConfiguration;
			buildSettings = {
				CODE_SIGN_IDENTITY = "-";
				CODE_SIGN_STYLE = Automatic;
				CURRENT_PROJECT_VERSION = 1;
				GENERATE_INFOPLIST_FILE = YES;
				MACOSX_DEPLOYMENT_TARGET = 13.0;
				MARKETING_VERSION = 0.1.0;
				PRODUCT_BUNDLE_IDENTIFIER = com.twixrsolutions.waypoint.uitests;
				PRODUCT_NAME = "$(TARGET_NAME)";
				SDKROOT = macosx;
				SWIFT_VERSION = 5.0;
				TEST_TARGET_NAME = Waypoint;
			};
			name = Debug;
		};
		AA0000000000000000000085 /* Release */ = {
			isa = XCBuildConfiguration;
			buildSettings = {
				CODE_SIGN_IDENTITY = "-";
				CODE_SIGN_STYLE = Automatic;
				CURRENT_PROJECT_VERSION = 1;
				GENERATE_INFOPLIST_FILE = YES;
				MACOSX_DEPLOYMENT_TARGET = 13.0;
				MARKETING_VERSION = 0.1.0;
				PRODUCT_BUNDLE_IDENTIFIER = com.twixrsolutions.waypoint.uitests;
				PRODUCT_NAME = "$(TARGET_NAME)";
				SDKROOT = macosx;
				SWIFT_VERSION = 5.0;
				TEST_TARGET_NAME = Waypoint;
			};
			name = Release;
		};
/* End XCBuildConfiguration section */

/* Begin XCConfigurationList section */
		AA0000000000000000000070 /* Build configuration list for PBXNativeTarget "Waypoint" */ = {
			isa = XCConfigurationList;
			buildConfigurations = (
				AA0000000000000000000082 /* Debug */,
				AA0000000000000000000083 /* Release */,
			);
			defaultConfigurationIsVisible = 0;
			defaultConfigurationName = Release;
		};
		AA0000000000000000000071 /* Build configuration list for PBXProject "Waypoint" */ = {
			isa = XCConfigurationList;
			buildConfigurations = (
				AA0000000000000000000080 /* Debug */,
				AA0000000000000000000081 /* Release */,
			);
			defaultConfigurationIsVisible = 0;
			defaultConfigurationName = Release;
		};
		AA0000000000000000000072 /* Build configuration list for PBXNativeTarget "WaypointUITests" */ = {
			isa = XCConfigurationList;
			buildConfigurations = (
				AA0000000000000000000084 /* Debug */,
				AA0000000000000000000085 /* Release */,
			);
			defaultConfigurationIsVisible = 0;
			defaultConfigurationName = Release;
		};
/* End XCConfigurationList section */

/* Begin XCLocalSwiftPackageReference section */
		AA000000000000000000003C /* XCLocalSwiftPackageReference "." */ = {
			isa = XCLocalSwiftPackageReference;
			relativePath = .;
		};
/* End XCLocalSwiftPackageReference section */

/* Begin XCSwiftPackageProductDependency section */
		AA0000000000000000000030 /* Domain */ = {
			isa = XCSwiftPackageProductDependency;
			package = AA000000000000000000003C /* XCLocalSwiftPackageReference "." */;
			productName = Domain;
		};
		AA0000000000000000000031 /* Config */ = {
			isa = XCSwiftPackageProductDependency;
			package = AA000000000000000000003C /* XCLocalSwiftPackageReference "." */;
			productName = Config;
		};
		AA0000000000000000000032 /* Safety */ = {
			isa = XCSwiftPackageProductDependency;
			package = AA000000000000000000003C /* XCLocalSwiftPackageReference "." */;
			productName = Safety;
		};
		AA0000000000000000000033 /* CoreEngine */ = {
			isa = XCSwiftPackageProductDependency;
			package = AA000000000000000000003C /* XCLocalSwiftPackageReference "." */;
			productName = CoreEngine;
		};
		AA0000000000000000000034 /* Actions */ = {
			isa = XCSwiftPackageProductDependency;
			package = AA000000000000000000003C /* XCLocalSwiftPackageReference "." */;
			productName = Actions;
		};
		AA0000000000000000000035 /* Observability */ = {
			isa = XCSwiftPackageProductDependency;
			package = AA000000000000000000003C /* XCLocalSwiftPackageReference "." */;
			productName = Observability;
		};
		AA0000000000000000000036 /* WaypointAccessibility */ = {
			isa = XCSwiftPackageProductDependency;
			package = AA000000000000000000003C /* XCLocalSwiftPackageReference "." */;
			productName = WaypointAccessibility;
		};
		AA0000000000000000000037 /* InputSynthesis */ = {
			isa = XCSwiftPackageProductDependency;
			package = AA000000000000000000003C /* XCLocalSwiftPackageReference "." */;
			productName = InputSynthesis;
		};
		AA0000000000000000000038 /* AppControl */ = {
			isa = XCSwiftPackageProductDependency;
			package = AA000000000000000000003C /* XCLocalSwiftPackageReference "." */;
			productName = AppControl;
		};
		AA0000000000000000000039 /* Permissions */ = {
			isa = XCSwiftPackageProductDependency;
			package = AA000000000000000000003C /* XCLocalSwiftPackageReference "." */;
			productName = Permissions;
		};
		AA000000000000000000003A /* Adapters */ = {
			isa = XCSwiftPackageProductDependency;
			package = AA000000000000000000003C /* XCLocalSwiftPackageReference "." */;
			productName = Adapters;
		};
		AA000000000000000000003B /* Timing */ = {
			isa = XCSwiftPackageProductDependency;
			package = AA000000000000000000003C /* XCLocalSwiftPackageReference "." */;
			productName = Timing;
		};
		AA000000000000000000003D /* AppPresentation */ = {
			isa = XCSwiftPackageProductDependency;
			package = AA000000000000000000003C /* XCLocalSwiftPackageReference "." */;
			productName = AppPresentation;
		};
/* End XCSwiftPackageProductDependency section */
	};
	rootObject = AA0000000000000000000060 /* Project object */;
}
